
Microsoft Visual Studio Solution File, Format Version 12.00
# Visual Studio Version 16
VisualStudioVersion = 16.0.33130.400
MinimumVisualStudioVersion = 10.0.40219.1
Project("{FAE04EC0-301F-11D3-BF4B-00C04F79EFBC}") = "IT481_Terpstra_Module4", "IT481_Terpstra_Module4\IT481_Terpstra_Module4.csproj", "{B0C837F1-6198-456C-97E9-5166AEF30955}"
EndProject
Global
	GlobalSection(SolutionConfigurationPlatforms) = preSolution
		Debug|Any CPU = Debug|Any CPU
		Release|Any CPU = Release|Any CPU
	EndGlobalSection
	GlobalSection(ProjectConfigurationPlatforms) = postSolution
		{B0C837F1-6198-456C-97E9-5166AEF30955}.Debug|Any CPU.ActiveCfg = Debug|Any CPU
		{B0C837F1-6198-456C-97E9-5166AEF30955}.Debug|Any CPU.Build.0 = Debug|Any CPU
		{B0C837F1-6198-456C-97E9-5166AEF30955}.Release|Any CPU.ActiveCfg = Release|Any CPU
		{B0C837F1-6198-456C-97E9-5166AEF30955}.Release|Any CPU.Build.0 = Release|Any CPU
	EndGlobalSection
	GlobalSection(SolutionProperties) = preSolution
		HideSolutionNode = FALSE
	EndGlobalSection
	GlobalSection(ExtensibilityGlobals) = postSolution
		SolutionGuid = {00C54B96-FC3E-416A-A45F-CDE4CE2D0CEC}
	EndGlobalSection
EndGlobal
